
Microsoft Visual Studio Solution File, Format Version 12.00
# Visual Studio Version 17
VisualStudioVersion = 17.5.33530.505
MinimumVisualStudioVersion = 10.0.40219.1
Project("{9A19103F-16F7-4668-BE54-9A1E7A4F7556}") = "mysaasapp", "mysaasapp\mysaasapp.csproj", "{0F32BD3E-A70A-4F56-993A-1B10FC603DE1}"
EndProject
Global
	GlobalSection(SolutionConfigurationPlatforms) = preSolution
		Debug|Any CPU = Debug|Any CPU
		Release|Any CPU = Release|Any CPU
	EndGlobalSection
	GlobalSection(ProjectConfigurationPlatforms) = postSolution
		{0F32BD3E-A70A-4F56-993A-1B10FC603DE1}.Debug|Any CPU.ActiveCfg = Debug|Any CPU
		{0F32BD3E-A70A-4F56-993A-1B10FC603DE1}.Debug|Any CPU.Build.0 = Debug|Any CPU
		{0F32BD3E-A70A-4F56-993A-1B10FC603DE1}.Release|Any CPU.ActiveCfg = Release|Any CPU
		{0F32BD3E-A70A-4F56-993A-1B10FC603DE1}.Release|Any CPU.Build.0 = Release|Any CPU
	EndGlobalSection
	GlobalSection(SolutionProperties) = preSolution
		HideSolutionNode = FALSE
	EndGlobalSection
	GlobalSection(ExtensibilityGlobals) = postSolution
		SolutionGuid = {C644F37E-6E24-4472-BD4F-D501AD11289B}
	EndGlobalSection
EndGlobal
